{
  "name": "medium-ai",
  "lockfileVersion": 3,
  "requires": true,
  "packages": {
    "": {
      "dependencies": {
        "@lexical/react": "^0.22.0",
        "lexical": "^0.22.0",
        "react": "^19.0.0",
        "react-dom": "^19.0.0"
      },
      "devDependencies": {
        "@types/katex": "^0.16.7",
        "@types/react": "^19.0.2"
      }
    },
    "node_modules/@babel/runtime": {
      "version": "7.26.0",
      "resolved": "https://registry.npmjs.org/@babel/runtime/-/runtime-7.26.0.tgz",
      "integrity": "sha512-FDSOghenHTiToteC/QRlv2q3DhPZ/oOXTBoirfWNx1Cx3TMVcGWQtMMmQcSvb/JjpNeGzx8Pq/b4fKEJuWm1sw==",
      "dependencies": {
        "regenerator-runtime": "^0.14.0"
      },
      "engines": {
        "node": ">=6.9.0"
      }
    },
    "node_modules/@lexical/clipboard": {
      "version": "0.22.0",
      "resolved": "https://registry.npmjs.org/@lexical/clipboard/-/clipboard-0.22.0.tgz",
      "integrity": "sha512-nG3MX7MYmaf4f4Ia0YaYaJIS1QriuUxNaLHYeAqOPqYZLH1CUnXslCiak6OyQ4dt/QozKKvGM5vpZN2QWvs0Xw==",
      "dependencies": {
        "@lexical/html": "0.22.0",
        "@lexical/list": "0.22.0",
        "@lexical/selection": "0.22.0",
        "@lexical/utils": "0.22.0",
        "lexical": "0.22.0"
      }
    },
    "node_modules/@lexical/code": {
      "version": "0.22.0",
      "resolved": "https://registry.npmjs.org/@lexical/code/-/code-0.22.0.tgz",
      "integrity": "sha512-5HQGcv+R7+uOxFGGqGxE5Mj2LcYwxniHejri7s3OJTSeFrGxAXwP2Kxb+5FSvWsyg265snuxZlNNfKVozgJPhA==",
      "dependencies": {
        "@lexical/utils": "0.22.0",
        "lexical": "0.22.0",
        "prismjs": "^1.27.0"
      }
    },
    "node_modules/@lexical/devtools-core": {
      "version": "0.22.0",
      "resolved": "https://registry.npmjs.org/@lexical/devtools-core/-/devtools-core-0.22.0.tgz",
      "integrity": "sha512-PFdaN2c+O/eLqNcWzuLBz0AaiLPHs9+iMHUZDQMgAWcKS6uiEBA61VS+ZNZn8zj8RZZvUtxgmZ9wQFFURklfww==",
      "dependencies": {
        "@lexical/html": "0.22.0",
        "@lexical/link": "0.22.0",
        "@lexical/mark": "0.22.0",
        "@lexical/table": "0.22.0",
        "@lexical/utils": "0.22.0",
        "lexical": "0.22.0"
      },
      "peerDependencies": {
        "react": ">=17.x",
        "react-dom": ">=17.x"
      }
    },
    "node_modules/@lexical/dragon": {
      "version": "0.22.0",
      "resolved": "https://registry.npmjs.org/@lexical/dragon/-/dragon-0.22.0.tgz",
      "integrity": "sha512-68b1EiFbYRqPEhbrFPhfTNe/hSTCFtwBmcIP5cGgEef+lL5XqCxc6NK2g2DK4Dx26DSGwXxTuRG8NuuxFN+CiA==",
      "dependencies": {
        "lexical": "0.22.0"
      }
    },
    "node_modules/@lexical/hashtag": {
      "version": "0.22.0",
      "resolved": "https://registry.npmjs.org/@lexical/hashtag/-/hashtag-0.22.0.tgz",
      "integrity": "sha512-W6Wrz0+ClezZQavjCjYso+LzRP/rWNUIM6cLwnf7oFXsmIXeaLHXecIbRwZ+SChnj4eUlSlnlknMVi3bJKaOjw==",
      "dependencies": {
        "@lexical/utils": "0.22.0",
        "lexical": "0.22.0"
      }
    },
    "node_modules/@lexical/history": {
      "version": "0.22.0",
      "resolved": "https://registry.npmjs.org/@lexical/history/-/history-0.22.0.tgz",
      "integrity": "sha512-4e/xL7CtYvsv8X4iGH1tPL8J6jthDpzh0a1WWZfL9ipeOYN9Btctq6o1Obdth5DfbMR7ELq7PSN2FK6+jZ4EQQ==",
      "dependencies": {
        "@lexical/utils": "0.22.0",
        "lexical": "0.22.0"
      }
    },
    "node_modules/@lexical/html": {
      "version": "0.22.0",
      "resolved": "https://registry.npmjs.org/@lexical/html/-/html-0.22.0.tgz",
      "integrity": "sha512-ED2Xik95a4kPg9vbU5pT/sA5hvEyGnuVxg0XvMx/6Gaa7OIhYDiZvSD4DCE+eVfn0xZMnIbX94Ygf4//71kCYw==",
      "dependencies": {
        "@lexical/selection": "0.22.0",
        "@lexical/utils": "0.22.0",
        "lexical": "0.22.0"
      }
    },
    "node_modules/@lexical/link": {
      "version": "0.22.0",
      "resolved": "https://registry.npmjs.org/@lexical/link/-/link-0.22.0.tgz",
      "integrity": "sha512-mtlsOYW6sgbgvv1ecPt6/9CdlgP0MhVyrF8iu16JpngphVXu/Lz2BSh7TCfY0xho/H2OIu++9lUGn87cK1Zplw==",
      "dependencies": {
        "@lexical/utils": "0.22.0",
        "lexical": "0.22.0"
      }
    },
    "node_modules/@lexical/list": {
      "version": "0.22.0",
      "resolved": "https://registry.npmjs.org/@lexical/list/-/list-0.22.0.tgz",
      "integrity": "sha512-DZLzMg1/H+nclV8BNqZe2qk/bz1ogCr7Huzwab5o8jTjpsDJaqyUZasj8wRgBzyLu9jxMQngkarL47nnk+zrbA==",
      "dependencies": {
        "@lexical/utils": "0.22.0",
        "lexical": "0.22.0"
      }
    },
    "node_modules/@lexical/mark": {
      "version": "0.22.0",
      "resolved": "https://registry.npmjs.org/@lexical/mark/-/mark-0.22.0.tgz",
      "integrity": "sha512-d8Jb9xqhHwUrN2uBs0aIjvA/NgeAZCI5Zorynqq5ihBVSytrol09JyRt4t7SXRH4sCpDMDLMWfTjm820RQFq8g==",
      "dependencies": {
        "@lexical/utils": "0.22.0",
        "lexical": "0.22.0"
      }
    },
    "node_modules/@lexical/markdown": {
      "version": "0.22.0",
      "resolved": "https://registry.npmjs.org/@lexical/markdown/-/markdown-0.22.0.tgz",
      "integrity": "sha512-FJNfegbgry4dFwyzjdK6sasYHsVgiYy2WrVmVKYR/EDBxa0MARnVO7lRRXA37WcqMKi5N8dE/dABmjlmzuYzHA==",
      "dependencies": {
        "@lexical/code": "0.22.0",
        "@lexical/link": "0.22.0",
        "@lexical/list": "0.22.0",
        "@lexical/rich-text": "0.22.0",
        "@lexical/text": "0.22.0",
        "@lexical/utils": "0.22.0",
        "lexical": "0.22.0"
      }
    },
    "node_modules/@lexical/offset": {
      "version": "0.22.0",
      "resolved": "https://registry.npmjs.org/@lexical/offset/-/offset-0.22.0.tgz",
      "integrity": "sha512-DgfO0q1+PzLzmMgRxTC7+y4whL6btlNSfv7f47TBAMBoj5tKdkGyMrru0xjoeYHVsMiSNgqMY2HTXU5YokKUOg==",
      "dependencies": {
        "lexical": "0.22.0"
      }
    },
    "node_modules/@lexical/overflow": {
      "version": "0.22.0",
      "resolved": "https://registry.npmjs.org/@lexical/overflow/-/overflow-0.22.0.tgz",
      "integrity": "sha512-LPj27ChVsOUW7Gv28z9m7NfpPQs7e3OooYL1WzU3R8NYDj/U32YxQXpUDcxHKwBPo8j8NVEna2d3UAG1txz6BA==",
      "dependencies": {
        "lexical": "0.22.0"
      }
    },
    "node_modules/@lexical/plain-text": {
      "version": "0.22.0",
      "resolved": "https://registry.npmjs.org/@lexical/plain-text/-/plain-text-0.22.0.tgz",
      "integrity": "sha512-MBlX4PfLN6I/As8uuRnL/17B+lIjmtNSIH90NjykRwBC8dtWr4gzSjm9OGTee6HctxnbQNb1BGLM7W1hLtiKAw==",
      "dependencies": {
        "@lexical/clipboard": "0.22.0",
        "@lexical/selection": "0.22.0",
        "@lexical/utils": "0.22.0",
        "lexical": "0.22.0"
      }
    },
    "node_modules/@lexical/react": {
      "version": "0.22.0",
      "resolved": "https://registry.npmjs.org/@lexical/react/-/react-0.22.0.tgz",
      "integrity": "sha512-kHeAX6QFsDcdih2kBQVnIATOQsDzpMp2VLYlSxatF8JvCTaMQ3quH/CGHLnUAauZDxM2LC/eV+Z4nrUOP3Alyg==",
      "dependencies": {
        "@lexical/clipboard": "0.22.0",
        "@lexical/code": "0.22.0",
        "@lexical/devtools-core": "0.22.0",
        "@lexical/dragon": "0.22.0",
        "@lexical/hashtag": "0.22.0",
        "@lexical/history": "0.22.0",
        "@lexical/link": "0.22.0",
        "@lexical/list": "0.22.0",
        "@lexical/mark": "0.22.0",
        "@lexical/markdown": "0.22.0",
        "@lexical/overflow": "0.22.0",
        "@lexical/plain-text": "0.22.0",
        "@lexical/rich-text": "0.22.0",
        "@lexical/selection": "0.22.0",
        "@lexical/table": "0.22.0",
        "@lexical/text": "0.22.0",
        "@lexical/utils": "0.22.0",
        "@lexical/yjs": "0.22.0",
        "lexical": "0.22.0",
        "react-error-boundary": "^3.1.4"
      },
      "peerDependencies": {
        "react": ">=17.x",
        "react-dom": ">=17.x"
      }
    },
    "node_modules/@lexical/rich-text": {
      "version": "0.22.0",
      "resolved": "https://registry.npmjs.org/@lexical/rich-text/-/rich-text-0.22.0.tgz",
      "integrity": "sha512-ILN/tht6emxbVK12Hp86y50fk0MGHMHg6Ivt/5OncoDPXfLMicuJRgLgLxLl5dCf7UVQOfa7z8eKEWnE83M5Mg==",
      "dependencies": {
        "@lexical/clipboard": "0.22.0",
        "@lexical/selection": "0.22.0",
        "@lexical/utils": "0.22.0",
        "lexical": "0.22.0"
      }
    },
    "node_modules/@lexical/selection": {
      "version": "0.22.0",
      "resolved": "https://registry.npmjs.org/@lexical/selection/-/selection-0.22.0.tgz",
      "integrity": "sha512-DdRh8bHijQGV1OxeaywulaLRxgYtn1B7miS0I4pP04KkRXVxrlWRP5dGzQoMDghTh+W1QD9GiUSAyz4L9R3zxQ==",
      "dependencies": {
        "lexical": "0.22.0"
      }
    },
    "node_modules/@lexical/table": {
      "version": "0.22.0",
      "resolved": "https://registry.npmjs.org/@lexical/table/-/table-0.22.0.tgz",
      "integrity": "sha512-Kx4N4kgYKTpcYtYYbp3hfG6We6ss3vWlhJ/f/QuUo18+w8c0a7aaCo4wTjNNUnSuXSFc1E02JlaTTVoI1pVfDw==",
      "dependencies": {
        "@lexical/clipboard": "0.22.0",
        "@lexical/utils": "0.22.0",
        "lexical": "0.22.0"
      }
    },
    "node_modules/@lexical/text": {
      "version": "0.22.0",
      "resolved": "https://registry.npmjs.org/@lexical/text/-/text-0.22.0.tgz",
      "integrity": "sha512-eLQTH11FmTW8VBOcb3hKc6H4S4A2cXFDOXHE3lCA+ErLXOnwlj7tKm52eWyddPTlkNmZ3C8mIvfVPcS4Jxw20Q==",
      "dependencies": {
        "lexical": "0.22.0"
      }
    },
    "node_modules/@lexical/utils": {
      "version": "0.22.0",
      "resolved": "https://registry.npmjs.org/@lexical/utils/-/utils-0.22.0.tgz",
      "integrity": "sha512-mQoNS4e0+lqkj3lPKE2u5vdQmdtgsqcLhzNJMhpCmFvJ896l5zKXOFQoFmF8BFz/v7w92FT7dpT5gd0lcIryyg==",
      "dependencies": {
        "@lexical/list": "0.22.0",
        "@lexical/selection": "0.22.0",
        "@lexical/table": "0.22.0",
        "lexical": "0.22.0"
      }
    },
    "node_modules/@lexical/yjs": {
      "version": "0.22.0",
      "resolved": "https://registry.npmjs.org/@lexical/yjs/-/yjs-0.22.0.tgz",
      "integrity": "sha512-JrQO03HIIfOURpCpSZgZoTH8WBFumhvl9ysP1ZAqh9f2bLZp7qxi/jFgwOorz0NdM11Qb1dJprNNPaqNnS4BKA==",
      "dependencies": {
        "@lexical/offset": "0.22.0",
        "@lexical/selection": "0.22.0",
        "lexical": "0.22.0"
      },
      "peerDependencies": {
        "yjs": ">=13.5.22"
      }
    },
    "node_modules/@types/katex": {
      "version": "0.16.7",
      "resolved": "https://registry.npmjs.org/@types/katex/-/katex-0.16.7.tgz",
      "integrity": "sha512-HMwFiRujE5PjrgwHQ25+bsLJgowjGjm5Z8FVSf0N6PwgJrwxH0QxzHYDcKsTfV3wva0vzrpqMTJS2jXPr5BMEQ==",
      "dev": true
    },
    "node_modules/@types/react": {
      "version": "19.0.2",
      "resolved": "https://registry.npmjs.org/@types/react/-/react-19.0.2.tgz",
      "integrity": "sha512-USU8ZI/xyKJwFTpjSVIrSeHBVAGagkHQKPNbxeWwql/vDmnTIBgx+TJnhFnj1NXgz8XfprU0egV2dROLGpsBEg==",
      "dev": true,
      "dependencies": {
        "csstype": "^3.0.2"
      }
    },
    "node_modules/csstype": {
      "version": "3.1.3",
      "resolved": "https://registry.npmjs.org/csstype/-/csstype-3.1.3.tgz",
      "integrity": "sha512-M1uQkMl8rQK/szD0LNhtqxIPLpimGm8sOBwU7lLnCpSbTyY3yeU1Vc7l4KT5zT4s/yOxHH5O7tIuuLOCnLADRw==",
      "dev": true
    },
    "node_modules/isomorphic.js": {
      "version": "0.2.5",
      "resolved": "https://registry.npmjs.org/isomorphic.js/-/isomorphic.js-0.2.5.tgz",
      "integrity": "sha512-PIeMbHqMt4DnUP3MA/Flc0HElYjMXArsw1qwJZcm9sqR8mq3l8NYizFMty0pWwE/tzIGH3EKK5+jes5mAr85yw==",
      "peer": true,
      "funding": {
        "type": "GitHub Sponsors ❤",
        "url": "https://github.com/sponsors/dmonad"
      }
    },
    "node_modules/lexical": {
      "version": "0.22.0",
      "resolved": "https://registry.npmjs.org/lexical/-/lexical-0.22.0.tgz",
      "integrity": "sha512-EquENoJZdhwAzsZ+Dz8dGZprlpPY1zez6Gk9yhGkPzmIVPRIGY4aEAmfKQCep1dZgkUUQB8Flr0xK0+u5TrFhw=="
    },
    "node_modules/lib0": {
      "version": "0.2.99",
      "resolved": "https://registry.npmjs.org/lib0/-/lib0-0.2.99.tgz",
      "integrity": "sha512-vwztYuUf1uf/1zQxfzRfO5yzfNKhTtgOByCruuiQQxWQXnPb8Itaube5ylofcV0oM0aKal9Mv+S1s1Ky0UYP1w==",
      "peer": true,
      "dependencies": {
        "isomorphic.js": "^0.2.4"
      },
      "bin": {
        "0ecdsa-generate-keypair": "bin/0ecdsa-generate-keypair.js",
        "0gentesthtml": "bin/gentesthtml.js",
        "0serve": "bin/0serve.js"
      },
      "engines": {
        "node": ">=16"
      },
      "funding": {
        "type": "GitHub Sponsors ❤",
        "url": "https://github.com/sponsors/dmonad"
      }
    },
    "node_modules/prismjs": {
      "version": "1.29.0",
      "resolved": "https://registry.npmjs.org/prismjs/-/prismjs-1.29.0.tgz",
      "integrity": "sha512-Kx/1w86q/epKcmte75LNrEoT+lX8pBpavuAbvJWRXar7Hz8jrtF+e3vY751p0R8H9HdArwaCTNDDzHg/ScJK1Q==",
      "engines": {
        "node": ">=6"
      }
    },
    "node_modules/react": {
      "version": "19.0.0",
      "resolved": "https://registry.npmjs.org/react/-/react-19.0.0.tgz",
      "integrity": "sha512-V8AVnmPIICiWpGfm6GLzCR/W5FXLchHop40W4nXBmdlEceh16rCN8O8LNWm5bh5XUX91fh7KpA+W0TgMKmgTpQ==",
      "engines": {
        "node": ">=0.10.0"
      }
    },
    "node_modules/react-dom": {
      "version": "19.0.0",
      "resolved": "https://registry.npmjs.org/react-dom/-/react-dom-19.0.0.tgz",
      "integrity": "sha512-4GV5sHFG0e/0AD4X+ySy6UJd3jVl1iNsNHdpad0qhABJ11twS3TTBnseqsKurKcsNqCEFeGL3uLpVChpIO3QfQ==",
      "dependencies": {
        "scheduler": "^0.25.0"
      },
      "peerDependencies": {
        "react": "^19.0.0"
      }
    },
    "node_modules/react-error-boundary": {
      "version": "3.1.4",
      "resolved": "https://registry.npmjs.org/react-error-boundary/-/react-error-boundary-3.1.4.tgz",
      "integrity": "sha512-uM9uPzZJTF6wRQORmSrvOIgt4lJ9MC1sNgEOj2XGsDTRE4kmpWxg7ENK9EWNKJRMAOY9z0MuF4yIfl6gp4sotA==",
      "dependencies": {
        "@babel/runtime": "^7.12.5"
      },
      "engines": {
        "node": ">=10",
        "npm": ">=6"
      },
      "peerDependencies": {
        "react": ">=16.13.1"
      }
    },
    "node_modules/regenerator-runtime": {
      "version": "0.14.1",
      "resolved": "https://registry.npmjs.org/regenerator-runtime/-/regenerator-runtime-0.14.1.tgz",
      "integrity": "sha512-dYnhHh0nJoMfnkZs6GmmhFknAGRrLznOu5nc9ML+EJxGvrx6H7teuevqVqCuPcPK//3eDrrjQhehXVx9cnkGdw=="
    },
    "node_modules/scheduler": {
      "version": "0.25.0",
      "resolved": "https://registry.npmjs.org/scheduler/-/scheduler-0.25.0.tgz",
      "integrity": "sha512-xFVuu11jh+xcO7JOAGJNOXld8/TcEHK/4CituBUeUb5hqxJLj9YuemAEuvm9gQ/+pgXYfbQuqAkiYu+u7YEsNA=="
    },
    "node_modules/yjs": {
      "version": "13.6.21",
      "resolved": "https://registry.npmjs.org/yjs/-/yjs-13.6.21.tgz",
      "integrity": "sha512-/fzzyeCAfr3Qwx1D71zvumm64x+Q5MEFel6EhWlA1IBFxWPb7tei4J2a8CJyjpYHfVrRij5q3RJTK9W2Iqjouw==",
      "peer": true,
      "dependencies": {
        "lib0": "^0.2.98"
      },
      "engines": {
        "node": ">=16.0.0",
        "npm": ">=8.0.0"
      },
      "funding": {
        "type": "GitHub Sponsors ❤",
        "url": "https://github.com/sponsors/dmonad"
      }
    }
  }
}
